
Microsoft Visual Studio Solution File, Format Version 12.00
# Visual Studio Version 17
VisualStudioVersion = 17.14.36310.24 d17.14
MinimumVisualStudioVersion = 10.0.40219.1
Project("{FAE04EC0-301F-11D3-BF4B-00C04F79EFBC}") = "Desktop Task Assistant", "Desktop Task Assistant.csproj", "{674BC504-278B-1622-A99B-4B6F2651786C}"
EndProject
Project("{FAE04EC0-301F-11D3-BF4B-00C04F79EFBC}") = "Desktop Task Assistant.Desktop", "..\Desktop Task Assistant.Desktop\Desktop Task Assistant.Desktop.csproj", "{B3410A7B-2364-D978-922E-4321F97D4B31}"
EndProject
Global
	GlobalSection(SolutionConfigurationPlatforms) = preSolution
		Debug|Any CPU = Debug|Any CPU
		Release|Any CPU = Release|Any CPU
	EndGlobalSection
	GlobalSection(ProjectConfigurationPlatforms) = postSolution
		{674BC504-278B-1622-A99B-4B6F2651786C}.Debug|Any CPU.ActiveCfg = Debug|Any CPU
		{674BC504-278B-1622-A99B-4B6F2651786C}.Debug|Any CPU.Build.0 = Debug|Any CPU
		{674BC504-278B-1622-A99B-4B6F2651786C}.Release|Any CPU.ActiveCfg = Release|Any CPU
		{674BC504-278B-1622-A99B-4B6F2651786C}.Release|Any CPU.Build.0 = Release|Any CPU
		{B3410A7B-2364-D978-922E-4321F97D4B31}.Debug|Any CPU.ActiveCfg = Debug|Any CPU
		{B3410A7B-2364-D978-922E-4321F97D4B31}.Debug|Any CPU.Build.0 = Debug|Any CPU
		{B3410A7B-2364-D978-922E-4321F97D4B31}.Release|Any CPU.ActiveCfg = Release|Any CPU
		{B3410A7B-2364-D978-922E-4321F97D4B31}.Release|Any CPU.Build.0 = Release|Any CPU
	EndGlobalSection
	GlobalSection(SolutionProperties) = preSolution
		HideSolutionNode = FALSE
	EndGlobalSection
	GlobalSection(ExtensibilityGlobals) = postSolution
		SolutionGuid = {4712A9E2-08FA-48E3-BC34-C030F71B5524}
	EndGlobalSection
EndGlobal
